<Solution>
  <Project Path="Aqueous/Aqueous.csproj" />
  <Project Path="AqueousBindings/AstalBluetooth/AstalBluetooth.csproj" />
  <Project Path="AqueousBindings/AstalGTK4/AstalGTK4.csproj" />
  <Project Path="AqueousBindings/AstalApp/AstalApp.csproj" />
  <Project Path="AqueousBindings/AstalAuth/AstalAuth.csproj" />
  <Project Path="AqueousBindings/AstalBattery/AstalBattery.csproj" />
  <Project Path="AqueousBindings/AstalCava/AstalCava.csproj" />
  <Project Path="AqueousBindings/AstalGreet/AstalGreet.csproj" />
  <Project Path="AqueousBindings/AstalIo/AstalIo.csproj" />
  <Project Path="AqueousBindings/AstalMpris/AstalMpris.csproj" />
  <Project Path="AqueousBindings/AstalNetwork/AstalNetwork.csproj" />
</Solution>
